
Microsoft Visual Studio Solution File, Format Version 12.00
# Visual Studio Version 16
VisualStudioVersion = 16.0.30717.126
MinimumVisualStudioVersion = 10.0.40219.1
Project("{8BC9CEB8-8B4A-11D0-8D11-00A0C91BC942}") = "handStitching", "handStitching\handStitching.vcxproj", "{CFD32442-2D5C-42F5-B766-77FBBA0CA4BD}"
EndProject
Global
	GlobalSection(SolutionConfigurationPlatforms) = preSolution
		Debug|x64 = Debug|x64
		Debug|x86 = Debug|x86
		Release|x64 = Release|x64
		Release|x86 = Release|x86
	EndGlobalSection
	GlobalSection(ProjectConfigurationPlatforms) = postSolution
		{CFD32442-2D5C-42F5-B766-77FBBA0CA4BD}.Debug|x64.ActiveCfg = Debug|x64
		{CFD32442-2D5C-42F5-B766-77FBBA0CA4BD}.Debug|x64.Build.0 = Debug|x64
		{CFD32442-2D5C-42F5-B766-77FBBA0CA4BD}.Debug|x86.ActiveCfg = Debug|Win32
		{CFD32442-2D5C-42F5-B766-77FBBA0CA4BD}.Debug|x86.Build.0 = Debug|Win32
		{CFD32442-2D5C-42F5-B766-77FBBA0CA4BD}.Release|x64.ActiveCfg = Release|x64
		{CFD32442-2D5C-42F5-B766-77FBBA0CA4BD}.Release|x64.Build.0 = Release|x64
		{CFD32442-2D5C-42F5-B766-77FBBA0CA4BD}.Release|x86.ActiveCfg = Release|Win32
		{CFD32442-2D5C-42F5-B766-77FBBA0CA4BD}.Release|x86.Build.0 = Release|Win32
	EndGlobalSection
	GlobalSection(SolutionProperties) = preSolution
		HideSolutionNode = FALSE
	EndGlobalSection
	GlobalSection(ExtensibilityGlobals) = postSolution
		SolutionGuid = {3D194B49-8E3C-49C2-A97D-C9D415FD120D}
	EndGlobalSection
EndGlobal
